
Microsoft Visual Studio Solution File, Format Version 12.00
# Visual Studio 15
VisualStudioVersion = 15.0.27004.2010
MinimumVisualStudioVersion = 10.0.40219.1
Project("{FAE04EC0-301F-11D3-BF4B-00C04F79EFBC}") = "OOAD", "OOAD\OOAD.csproj", "{12DAE7B8-874A-43B8-9F8D-C0202EE9B389}"
EndProject
Global
	GlobalSection(SolutionConfigurationPlatforms) = preSolution
		Debug|Any CPU = Debug|Any CPU
		Release|Any CPU = Release|Any CPU
	EndGlobalSection
	GlobalSection(ProjectConfigurationPlatforms) = postSolution
		{12DAE7B8-874A-43B8-9F8D-C0202EE9B389}.Debug|Any CPU.ActiveCfg = Debug|Any CPU
		{12DAE7B8-874A-43B8-9F8D-C0202EE9B389}.Debug|Any CPU.Build.0 = Debug|Any CPU
		{12DAE7B8-874A-43B8-9F8D-C0202EE9B389}.Release|Any CPU.ActiveCfg = Release|Any CPU
		{12DAE7B8-874A-43B8-9F8D-C0202EE9B389}.Release|Any CPU.Build.0 = Release|Any CPU
	EndGlobalSection
	GlobalSection(SolutionProperties) = preSolution
		HideSolutionNode = FALSE
	EndGlobalSection
	GlobalSection(ExtensibilityGlobals) = postSolution
		SolutionGuid = {321DD59F-C571-422E-8674-629265283005}
	EndGlobalSection
EndGlobal
